/data2/zhoulab/yuxinghai/hg19_jlRNAseq/anno/rRNA/SAindex
/data2/zhoulab/yuxinghai/hg19_jlRNAseq/anno/hg19_index/SAindex
/data2/zhoulab/yuxinghai/hg19_jlRNAseq/results/02_mapping/rRNA/F1/F1Unmapped.out.mate1
/data2/zhoulab/yuxinghai/hg19_jlRNAseq/results/02_mapping/rRNA/F2/F2Unmapped.out.mate1
/data2/zhoulab/yuxinghai/hg19_jlRNAseq/results/02_mapping/rRNA/G1/G1Unmapped.out.mate1
/data2/zhoulab/yuxinghai/hg19_jlRNAseq/results/02_mapping/rRNA/G2/G2Unmapped.out.mate1
/data2/zhoulab/yuxinghai/hg19_jlRNAseq/results/02_mapping/rRNA/N01/N01Unmapped.out.mate1
/data2/zhoulab/yuxinghai/hg19_jlRNAseq/results/02_mapping/rRNA/N02/N02Unmapped.out.mate1
/data2/zhoulab/yuxinghai/hg19_jlRNAseq/results/02_mapping/rRNA/NT1/NT1Unmapped.out.mate1
/data2/zhoulab/yuxinghai/hg19_jlRNAseq/results/02_mapping/rRNA/NT2/NT2Unmapped.out.mate1
/data2/zhoulab/yuxinghai/hg19_jlRNAseq/results/02_mapping/rRNA/PS1/PS1Unmapped.out.mate1
/data2/zhoulab/yuxinghai/hg19_jlRNAseq/results/02_mapping/rRNA/PS2/PS2Unmapped.out.mate1
/data2/zhoulab/yuxinghai/hg19_jlRNAseq/results/02_mapping/rRNA/V1/V1Unmapped.out.mate1
/data2/zhoulab/yuxinghai/hg19_jlRNAseq/results/02_mapping/rRNA/V2/V2Unmapped.out.mate1
/data2/zhoulab/yuxinghai/hg19_jlRNAseq/results/02_mapping/rRNA/F1/F1Unmapped.out.mate2
/data2/zhoulab/yuxinghai/hg19_jlRNAseq/results/02_mapping/rRNA/F2/F2Unmapped.out.mate2
/data2/zhoulab/yuxinghai/hg19_jlRNAseq/results/02_mapping/rRNA/G1/G1Unmapped.out.mate2
/data2/zhoulab/yuxinghai/hg19_jlRNAseq/results/02_mapping/rRNA/G2/G2Unmapped.out.mate2
/data2/zhoulab/yuxinghai/hg19_jlRNAseq/results/02_mapping/rRNA/N01/N01Unmapped.out.mate2
/data2/zhoulab/yuxinghai/hg19_jlRNAseq/results/02_mapping/rRNA/N02/N02Unmapped.out.mate2
/data2/zhoulab/yuxinghai/hg19_jlRNAseq/results/02_mapping/rRNA/NT1/NT1Unmapped.out.mate2
/data2/zhoulab/yuxinghai/hg19_jlRNAseq/results/02_mapping/rRNA/NT2/NT2Unmapped.out.mate2
/data2/zhoulab/yuxinghai/hg19_jlRNAseq/results/02_mapping/rRNA/PS1/PS1Unmapped.out.mate2
/data2/zhoulab/yuxinghai/hg19_jlRNAseq/results/02_mapping/rRNA/PS2/PS2Unmapped.out.mate2
/data2/zhoulab/yuxinghai/hg19_jlRNAseq/results/02_mapping/rRNA/V1/V1Unmapped.out.mate2
/data2/zhoulab/yuxinghai/hg19_jlRNAseq/results/02_mapping/rRNA/V2/V2Unmapped.out.mate2
/data2/zhoulab/yuxinghai/hg19_jlRNAseq/results/02_mapping/rRNA/F1/F1Unmapped.out.mate1_sort
/data2/zhoulab/yuxinghai/hg19_jlRNAseq/results/02_mapping/rRNA/F2/F2Unmapped.out.mate1_sort
/data2/zhoulab/yuxinghai/hg19_jlRNAseq/results/02_mapping/rRNA/G1/G1Unmapped.out.mate1_sort
/data2/zhoulab/yuxinghai/hg19_jlRNAseq/results/02_mapping/rRNA/G2/G2Unmapped.out.mate1_sort
/data2/zhoulab/yuxinghai/hg19_jlRNAseq/results/02_mapping/rRNA/N01/N01Unmapped.out.mate1_sort
/data2/zhoulab/yuxinghai/hg19_jlRNAseq/results/02_mapping/rRNA/N02/N02Unmapped.out.mate1_sort
/data2/zhoulab/yuxinghai/hg19_jlRNAseq/results/02_mapping/rRNA/NT1/NT1Unmapped.out.mate1_sort
/data2/zhoulab/yuxinghai/hg19_jlRNAseq/results/02_mapping/rRNA/NT2/NT2Unmapped.out.mate1_sort
/data2/zhoulab/yuxinghai/hg19_jlRNAseq/results/02_mapping/rRNA/PS1/PS1Unmapped.out.mate1_sort
/data2/zhoulab/yuxinghai/hg19_jlRNAseq/results/02_mapping/rRNA/PS2/PS2Unmapped.out.mate1_sort
/data2/zhoulab/yuxinghai/hg19_jlRNAseq/results/02_mapping/rRNA/V1/V1Unmapped.out.mate1_sort
/data2/zhoulab/yuxinghai/hg19_jlRNAseq/results/02_mapping/rRNA/V2/V2Unmapped.out.mate1_sort
/data2/zhoulab/yuxinghai/hg19_jlRNAseq/results/02_mapping/rRNA/F1/F1Unmapped.out.mate2_sort
/data2/zhoulab/yuxinghai/hg19_jlRNAseq/results/02_mapping/rRNA/F2/F2Unmapped.out.mate2_sort
/data2/zhoulab/yuxinghai/hg19_jlRNAseq/results/02_mapping/rRNA/G1/G1Unmapped.out.mate2_sort
/data2/zhoulab/yuxinghai/hg19_jlRNAseq/results/02_mapping/rRNA/G2/G2Unmapped.out.mate2_sort
/data2/zhoulab/yuxinghai/hg19_jlRNAseq/results/02_mapping/rRNA/N01/N01Unmapped.out.mate2_sort
/data2/zhoulab/yuxinghai/hg19_jlRNAseq/results/02_mapping/rRNA/N02/N02Unmapped.out.mate2_sort
/data2/zhoulab/yuxinghai/hg19_jlRNAseq/results/02_mapping/rRNA/NT1/NT1Unmapped.out.mate2_sort
/data2/zhoulab/yuxinghai/hg19_jlRNAseq/results/02_mapping/rRNA/NT2/NT2Unmapped.out.mate2_sort
/data2/zhoulab/yuxinghai/hg19_jlRNAseq/results/02_mapping/rRNA/PS1/PS1Unmapped.out.mate2_sort
/data2/zhoulab/yuxinghai/hg19_jlRNAseq/results/02_mapping/rRNA/PS2/PS2Unmapped.out.mate2_sort
/data2/zhoulab/yuxinghai/hg19_jlRNAseq/results/02_mapping/rRNA/V1/V1Unmapped.out.mate2_sort
/data2/zhoulab/yuxinghai/hg19_jlRNAseq/results/02_mapping/rRNA/V2/V2Unmapped.out.mate2_sort
/data2/zhoulab/yuxinghai/hg19_jlRNAseq/results/02_mapping/sorted/F1/F1_SortAligned.out.sam
/data2/zhoulab/yuxinghai/hg19_jlRNAseq/results/02_mapping/sorted/F2/F2_SortAligned.out.sam
/data2/zhoulab/yuxinghai/hg19_jlRNAseq/results/02_mapping/sorted/G1/G1_SortAligned.out.sam
/data2/zhoulab/yuxinghai/hg19_jlRNAseq/results/02_mapping/sorted/G2/G2_SortAligned.out.sam
/data2/zhoulab/yuxinghai/hg19_jlRNAseq/results/02_mapping/sorted/N01/N01_SortAligned.out.sam
/data2/zhoulab/yuxinghai/hg19_jlRNAseq/results/02_mapping/sorted/N02/N02_SortAligned.out.sam
/data2/zhoulab/yuxinghai/hg19_jlRNAseq/results/02_mapping/sorted/NT1/NT1_SortAligned.out.sam
/data2/zhoulab/yuxinghai/hg19_jlRNAseq/results/02_mapping/sorted/NT2/NT2_SortAligned.out.sam
/data2/zhoulab/yuxinghai/hg19_jlRNAseq/results/02_mapping/sorted/PS1/PS1_SortAligned.out.sam
/data2/zhoulab/yuxinghai/hg19_jlRNAseq/results/02_mapping/sorted/PS2/PS2_SortAligned.out.sam
/data2/zhoulab/yuxinghai/hg19_jlRNAseq/results/02_mapping/sorted/V1/V1_SortAligned.out.sam
/data2/zhoulab/yuxinghai/hg19_jlRNAseq/results/02_mapping/sorted/V2/V2_SortAligned.out.sam
/data2/zhoulab/yuxinghai/hg19_jlRNAseq/results/02_mapping/sorted/F1/F1_uniq.bam
/data2/zhoulab/yuxinghai/hg19_jlRNAseq/results/02_mapping/sorted/F2/F2_uniq.bam
/data2/zhoulab/yuxinghai/hg19_jlRNAseq/results/02_mapping/sorted/G1/G1_uniq.bam
/data2/zhoulab/yuxinghai/hg19_jlRNAseq/results/02_mapping/sorted/G2/G2_uniq.bam
/data2/zhoulab/yuxinghai/hg19_jlRNAseq/results/02_mapping/sorted/N01/N01_uniq.bam
/data2/zhoulab/yuxinghai/hg19_jlRNAseq/results/02_mapping/sorted/N02/N02_uniq.bam
/data2/zhoulab/yuxinghai/hg19_jlRNAseq/results/02_mapping/sorted/NT1/NT1_uniq.bam
/data2/zhoulab/yuxinghai/hg19_jlRNAseq/results/02_mapping/sorted/NT2/NT2_uniq.bam
/data2/zhoulab/yuxinghai/hg19_jlRNAseq/results/02_mapping/sorted/PS1/PS1_uniq.bam
/data2/zhoulab/yuxinghai/hg19_jlRNAseq/results/02_mapping/sorted/PS2/PS2_uniq.bam
/data2/zhoulab/yuxinghai/hg19_jlRNAseq/results/02_mapping/sorted/V1/V1_uniq.bam
/data2/zhoulab/yuxinghai/hg19_jlRNAseq/results/02_mapping/sorted/V2/V2_uniq.bam
/data2/zhoulab/yuxinghai/hg19_jlRNAseq/results/02_mapping/sorted/F1/F1_uniq_sort.bam
/data2/zhoulab/yuxinghai/hg19_jlRNAseq/results/02_mapping/sorted/F2/F2_uniq_sort.bam
/data2/zhoulab/yuxinghai/hg19_jlRNAseq/results/02_mapping/sorted/G1/G1_uniq_sort.bam
/data2/zhoulab/yuxinghai/hg19_jlRNAseq/results/02_mapping/sorted/G2/G2_uniq_sort.bam
/data2/zhoulab/yuxinghai/hg19_jlRNAseq/results/02_mapping/sorted/N01/N01_uniq_sort.bam
/data2/zhoulab/yuxinghai/hg19_jlRNAseq/results/02_mapping/sorted/N02/N02_uniq_sort.bam
/data2/zhoulab/yuxinghai/hg19_jlRNAseq/results/02_mapping/sorted/NT1/NT1_uniq_sort.bam
/data2/zhoulab/yuxinghai/hg19_jlRNAseq/results/02_mapping/sorted/NT2/NT2_uniq_sort.bam
/data2/zhoulab/yuxinghai/hg19_jlRNAseq/results/02_mapping/sorted/PS1/PS1_uniq_sort.bam
/data2/zhoulab/yuxinghai/hg19_jlRNAseq/results/02_mapping/sorted/PS2/PS2_uniq_sort.bam
/data2/zhoulab/yuxinghai/hg19_jlRNAseq/results/02_mapping/sorted/V1/V1_uniq_sort.bam
/data2/zhoulab/yuxinghai/hg19_jlRNAseq/results/02_mapping/sorted/V2/V2_uniq_sort.bam
/data2/zhoulab/yuxinghai/hg19_jlRNAseq/results/03_featurecount/F1_featureCounts.txt
/data2/zhoulab/yuxinghai/hg19_jlRNAseq/results/03_featurecount/F1_featureStat.log
/data2/zhoulab/yuxinghai/hg19_jlRNAseq/results/02_mapping/sorted/F1/F1_uniq_sort.bam.bai
/data2/zhoulab/yuxinghai/hg19_jlRNAseq/results/02_mapping/sorted/F2/F2_uniq_sort.bam.bai
/data2/zhoulab/yuxinghai/hg19_jlRNAseq/results/02_mapping/sorted/G1/G1_uniq_sort.bam.bai
/data2/zhoulab/yuxinghai/hg19_jlRNAseq/results/02_mapping/sorted/G2/G2_uniq_sort.bam.bai
/data2/zhoulab/yuxinghai/hg19_jlRNAseq/results/02_mapping/sorted/N01/N01_uniq_sort.bam.bai
/data2/zhoulab/yuxinghai/hg19_jlRNAseq/results/02_mapping/sorted/N02/N02_uniq_sort.bam.bai
/data2/zhoulab/yuxinghai/hg19_jlRNAseq/results/02_mapping/sorted/NT1/NT1_uniq_sort.bam.bai
/data2/zhoulab/yuxinghai/hg19_jlRNAseq/results/02_mapping/sorted/NT2/NT2_uniq_sort.bam.bai
/data2/zhoulab/yuxinghai/hg19_jlRNAseq/results/02_mapping/sorted/PS1/PS1_uniq_sort.bam.bai
/data2/zhoulab/yuxinghai/hg19_jlRNAseq/results/02_mapping/sorted/PS2/PS2_uniq_sort.bam.bai
/data2/zhoulab/yuxinghai/hg19_jlRNAseq/results/02_mapping/sorted/V1/V1_uniq_sort.bam.bai
/data2/zhoulab/yuxinghai/hg19_jlRNAseq/results/02_mapping/sorted/V2/V2_uniq_sort.bam.bai
/data2/zhoulab/yuxinghai/hg19_jlRNAseq/results/bw/F1_Forward.bw
/data2/zhoulab/yuxinghai/hg19_jlRNAseq/results/bw/F2_Forward.bw
/data2/zhoulab/yuxinghai/hg19_jlRNAseq/results/bw/G1_Forward.bw
/data2/zhoulab/yuxinghai/hg19_jlRNAseq/results/bw/G2_Forward.bw
/data2/zhoulab/yuxinghai/hg19_jlRNAseq/results/bw/N01_Forward.bw
/data2/zhoulab/yuxinghai/hg19_jlRNAseq/results/bw/N02_Forward.bw
/data2/zhoulab/yuxinghai/hg19_jlRNAseq/results/bw/NT1_Forward.bw
/data2/zhoulab/yuxinghai/hg19_jlRNAseq/results/bw/NT2_Forward.bw
/data2/zhoulab/yuxinghai/hg19_jlRNAseq/results/bw/PS1_Forward.bw
/data2/zhoulab/yuxinghai/hg19_jlRNAseq/results/bw/PS2_Forward.bw
/data2/zhoulab/yuxinghai/hg19_jlRNAseq/results/bw/V1_Forward.bw
/data2/zhoulab/yuxinghai/hg19_jlRNAseq/results/bw/V2_Forward.bw
/data2/zhoulab/yuxinghai/hg19_jlRNAseq/results/03_featurecount/figure/distance_PNG_300_lengend_dpi.png
/data2/zhoulab/yuxinghai/hg19_jlRNAseq/results/03_featurecount/DEgene/PSF/ano_downgene.tsv
/data2/zhoulab/yuxinghai/hg19_jlRNAseq/results/03_featurecount/DEgene/NONO/ano_downgene.tsv
/data2/zhoulab/yuxinghai/hg19_jlRNAseq/results/03_featurecount/DEgene/PSPC1/ano_downgene.tsv
/data2/zhoulab/yuxinghai/hg19_jlRNAseq/results/03_featurecount/DEgene/NEAT1_V2/ano_downgene.tsv
/data2/zhoulab/yuxinghai/hg19_jlRNAseq/results/03_featurecount/DEgene/NEAT1_NT/ano_downgene.tsv
/data2/zhoulab/yuxinghai/hg19_jlRNAseq/results/02_mapping/sorted/F2/F2_SortAligned.out.sam
/data2/zhoulab/yuxinghai/hg19_jlRNAseq/results/02_mapping/sorted/NT1/NT1_SortAligned.out.sam
/data2/zhoulab/yuxinghai/hg19_jlRNAseq/results/02_mapping/sorted/F1/F1_uniq_sort.bam
/data2/zhoulab/yuxinghai/hg19_jlRNAseq/results/02_mapping/sorted/F2/F2_uniq_sort.bam
/data2/zhoulab/yuxinghai/hg19_jlRNAseq/results/02_mapping/sorted/G1/G1_uniq_sort.bam
/data2/zhoulab/yuxinghai/hg19_jlRNAseq/results/02_mapping/sorted/G2/G2_uniq_sort.bam
/data2/zhoulab/yuxinghai/hg19_jlRNAseq/results/02_mapping/sorted/N01/N01_uniq_sort.bam
/data2/zhoulab/yuxinghai/hg19_jlRNAseq/results/02_mapping/sorted/N02/N02_uniq_sort.bam
/data2/zhoulab/yuxinghai/hg19_jlRNAseq/results/02_mapping/sorted/NT1/NT1_uniq_sort.bam
/data2/zhoulab/yuxinghai/hg19_jlRNAseq/results/02_mapping/sorted/NT2/NT2_uniq_sort.bam
/data2/zhoulab/yuxinghai/hg19_jlRNAseq/results/02_mapping/sorted/PS1/PS1_uniq_sort.bam
/data2/zhoulab/yuxinghai/hg19_jlRNAseq/results/02_mapping/sorted/PS2/PS2_uniq_sort.bam
/data2/zhoulab/yuxinghai/hg19_jlRNAseq/results/02_mapping/sorted/V1/V1_uniq_sort.bam
/data2/zhoulab/yuxinghai/hg19_jlRNAseq/results/02_mapping/sorted/V2/V2_uniq_sort.bam
/data2/zhoulab/yuxinghai/hg19_jlRNAseq/results/02_mapping/sorted/V2/V2_SortAligned.out.sam
/data2/zhoulab/yuxinghai/hg19_jlRNAseq/results/02_mapping/sorted/G1/G1_uniq_sort.bam
/data2/zhoulab/yuxinghai/hg19_jlRNAseq/results/02_mapping/rRNA/G2/G2Unmapped.out.mate2_sort
/data2/zhoulab/yuxinghai/hg19_jlRNAseq/results/02_mapping/rRNA/G2/G2Unmapped.out.mate1_sort
/data2/zhoulab/yuxinghai/hg19_jlRNAseq/results/02_mapping/rRNA/V1/V1Unmapped.out.mate1
/data2/zhoulab/yuxinghai/hg19_jlRNAseq/results/02_mapping/rRNA/V1/V1Unmapped.out.mate2
/data2/zhoulab/yuxinghai/hg19_jlRNAseq/results/02_mapping/sorted/G1/G1_uniq.bam
/zhounas/zhoulab/backup/xhyu/20171012JL/HB160055-01武汉大学12个人lncRNA建库测序过滤任务单_VIP/ANHB160055_HB160055-01_2017-01-09/Cleandata/N02/N02_R2.fq.gz
/zhounas/zhoulab/backup/xhyu/20171012JL/HB160055-01武汉大学12个人lncRNA建库测序过滤任务单_VIP/ANHB160055_HB160055-01_2017-01-09/Cleandata/N02/N02_R1.fq.gz
/data2/zhoulab/yuxinghai/hg19_jlRNAseq/results/02_mapping/sorted/PS1/PS1_SortAligned.out.sam
/data2/zhoulab/yuxinghai/hg19_jlRNAseq/results/03_featurecount/F1_featureCounts.txt
/data2/zhoulab/yuxinghai/hg19_jlRNAseq/results/03_featurecount/F2_featureCounts.txt
/data2/zhoulab/yuxinghai/hg19_jlRNAseq/results/03_featurecount/G1_featureCounts.txt
/data2/zhoulab/yuxinghai/hg19_jlRNAseq/results/03_featurecount/G2_featureCounts.txt
/data2/zhoulab/yuxinghai/hg19_jlRNAseq/results/03_featurecount/N01_featureCounts.txt
/data2/zhoulab/yuxinghai/hg19_jlRNAseq/results/03_featurecount/N02_featureCounts.txt
/data2/zhoulab/yuxinghai/hg19_jlRNAseq/results/03_featurecount/NT1_featureCounts.txt
/data2/zhoulab/yuxinghai/hg19_jlRNAseq/results/03_featurecount/NT2_featureCounts.txt
/data2/zhoulab/yuxinghai/hg19_jlRNAseq/results/03_featurecount/PS1_featureCounts.txt
/data2/zhoulab/yuxinghai/hg19_jlRNAseq/results/03_featurecount/PS2_featureCounts.txt
/data2/zhoulab/yuxinghai/hg19_jlRNAseq/results/03_featurecount/V1_featureCounts.txt
/data2/zhoulab/yuxinghai/hg19_jlRNAseq/results/03_featurecount/V2_featureCounts.txt
/data2/zhoulab/yuxinghai/hg19_jlRNAseq/anno/hg19.fa
/data2/zhoulab/yuxinghai/hg19_jlRNAseq/anno/hg19_encodev19_rRNA.fa
/data2/zhoulab/yuxinghai/hg19_jlRNAseq/anno/gencode.v19.annotation.gtf
/zhounas/zhoulab/backup/xhyu/20171012JL/HB160055-01武汉大学12个人lncRNA建库测序过滤任务单_VIP/ANHB160055_HB160055-01_2017-01-09/Cleandata/F2/F2_R2.fq.gz
/zhounas/zhoulab/backup/xhyu/20171012JL/HB160055-01武汉大学12个人lncRNA建库测序过滤任务单_VIP/ANHB160055_HB160055-01_2017-01-09/Cleandata/F2/F2_R1.fq.gz
/data2/zhoulab/yuxinghai/hg19_jlRNAseq/results/02_mapping/sorted/PS1/PS1_uniq.bam
/data2/zhoulab/yuxinghai/hg19_jlRNAseq/results/02_mapping/rRNA/NT2/NT2Unmapped.out.mate2_sort
/data2/zhoulab/yuxinghai/hg19_jlRNAseq/results/02_mapping/rRNA/NT2/NT2Unmapped.out.mate1_sort
/data2/zhoulab/yuxinghai/hg19_jlRNAseq/results/02_mapping/rRNA/PS1/PS1Unmapped.out.mate2_sort
/data2/zhoulab/yuxinghai/hg19_jlRNAseq/results/02_mapping/rRNA/PS1/PS1Unmapped.out.mate1_sort
/data2/zhoulab/yuxinghai/hg19_jlRNAseq/results/02_mapping/rRNA/F1/F1Unmapped.out.mate2_sort
/data2/zhoulab/yuxinghai/hg19_jlRNAseq/results/02_mapping/rRNA/F1/F1Unmapped.out.mate1_sort
/data2/zhoulab/yuxinghai/hg19_jlRNAseq/results/02_mapping/rRNA/N01/N01Unmapped.out.mate2_sort
/data2/zhoulab/yuxinghai/hg19_jlRNAseq/results/02_mapping/rRNA/N01/N01Unmapped.out.mate1_sort
/data2/zhoulab/yuxinghai/hg19_jlRNAseq/results/03_featurecount/F1_featureCounts.txt
/data2/zhoulab/yuxinghai/hg19_jlRNAseq/results/03_featurecount/F2_featureCounts.txt
/data2/zhoulab/yuxinghai/hg19_jlRNAseq/results/03_featurecount/G1_featureCounts.txt
/data2/zhoulab/yuxinghai/hg19_jlRNAseq/results/03_featurecount/G2_featureCounts.txt
/data2/zhoulab/yuxinghai/hg19_jlRNAseq/results/03_featurecount/N01_featureCounts.txt
/data2/zhoulab/yuxinghai/hg19_jlRNAseq/results/03_featurecount/N02_featureCounts.txt
/data2/zhoulab/yuxinghai/hg19_jlRNAseq/results/03_featurecount/NT1_featureCounts.txt
/data2/zhoulab/yuxinghai/hg19_jlRNAseq/results/03_featurecount/NT2_featureCounts.txt
/data2/zhoulab/yuxinghai/hg19_jlRNAseq/results/03_featurecount/PS1_featureCounts.txt
/data2/zhoulab/yuxinghai/hg19_jlRNAseq/results/03_featurecount/PS2_featureCounts.txt
/data2/zhoulab/yuxinghai/hg19_jlRNAseq/results/03_featurecount/V1_featureCounts.txt
/data2/zhoulab/yuxinghai/hg19_jlRNAseq/results/03_featurecount/V2_featureCounts.txt
/data2/zhoulab/yuxinghai/hg19_jlRNAseq/results/02_mapping/sorted/N01/N01_uniq.bam
/data2/zhoulab/yuxinghai/hg19_jlRNAseq/results/02_mapping/sorted/F2/F2_uniq.bam
/data2/zhoulab/yuxinghai/hg19_jlRNAseq/results/02_mapping/rRNA/F1/F1Unmapped.out.mate1
/data2/zhoulab/yuxinghai/hg19_jlRNAseq/results/02_mapping/rRNA/F1/F1Unmapped.out.mate2
/data2/zhoulab/yuxinghai/hg19_jlRNAseq/results/02_mapping/sorted/F2/F2_uniq_sort.bam
/data2/zhoulab/yuxinghai/hg19_jlRNAseq/results/02_mapping/rRNA/N02/N02Unmapped.out.mate1
/data2/zhoulab/yuxinghai/hg19_jlRNAseq/results/02_mapping/rRNA/N02/N02Unmapped.out.mate2
/data2/zhoulab/yuxinghai/hg19_jlRNAseq/results/02_mapping/rRNA/PS2/PS2Unmapped.out.mate2_sort
/data2/zhoulab/yuxinghai/hg19_jlRNAseq/results/02_mapping/rRNA/PS2/PS2Unmapped.out.mate1_sort
/data2/zhoulab/yuxinghai/hg19_jlRNAseq/results/02_mapping/rRNA/NT1/NT1Unmapped.out.mate2_sort
/data2/zhoulab/yuxinghai/hg19_jlRNAseq/results/02_mapping/rRNA/NT1/NT1Unmapped.out.mate1_sort
/data2/zhoulab/yuxinghai/hg19_jlRNAseq/results/02_mapping/rRNA/NT2/NT2Unmapped.out.mate1
/data2/zhoulab/yuxinghai/hg19_jlRNAseq/results/02_mapping/rRNA/NT2/NT2Unmapped.out.mate2
/data2/zhoulab/yuxinghai/hg19_jlRNAseq/results/02_mapping/rRNA/G1/G1Unmapped.out.mate2_sort
/data2/zhoulab/yuxinghai/hg19_jlRNAseq/results/02_mapping/rRNA/G1/G1Unmapped.out.mate1_sort
/data2/zhoulab/yuxinghai/hg19_jlRNAseq/results/02_mapping/sorted/G1/G1_SortAligned.out.sam
/data2/zhoulab/yuxinghai/hg19_jlRNAseq/results/02_mapping/sorted/V2/V2_uniq_sort.bam
/data2/zhoulab/yuxinghai/hg19_jlRNAseq/results/02_mapping/sorted/G2/G2_SortAligned.out.sam
/data2/zhoulab/yuxinghai/hg19_jlRNAseq/results/03_featurecount/F1_featureCounts.txt
/data2/zhoulab/yuxinghai/hg19_jlRNAseq/results/03_featurecount/F2_featureCounts.txt
/data2/zhoulab/yuxinghai/hg19_jlRNAseq/results/03_featurecount/G1_featureCounts.txt
/data2/zhoulab/yuxinghai/hg19_jlRNAseq/results/03_featurecount/G2_featureCounts.txt
/data2/zhoulab/yuxinghai/hg19_jlRNAseq/results/03_featurecount/N01_featureCounts.txt
/data2/zhoulab/yuxinghai/hg19_jlRNAseq/results/03_featurecount/N02_featureCounts.txt
/data2/zhoulab/yuxinghai/hg19_jlRNAseq/results/03_featurecount/NT1_featureCounts.txt
/data2/zhoulab/yuxinghai/hg19_jlRNAseq/results/03_featurecount/NT2_featureCounts.txt
/data2/zhoulab/yuxinghai/hg19_jlRNAseq/results/03_featurecount/PS1_featureCounts.txt
/data2/zhoulab/yuxinghai/hg19_jlRNAseq/results/03_featurecount/PS2_featureCounts.txt
/data2/zhoulab/yuxinghai/hg19_jlRNAseq/results/03_featurecount/V1_featureCounts.txt
/data2/zhoulab/yuxinghai/hg19_jlRNAseq/results/03_featurecount/V2_featureCounts.txt
/data2/zhoulab/yuxinghai/hg19_jlRNAseq/results/03_featurecount/F1_featureCounts.txt
/data2/zhoulab/yuxinghai/hg19_jlRNAseq/results/03_featurecount/F2_featureCounts.txt
/data2/zhoulab/yuxinghai/hg19_jlRNAseq/results/03_featurecount/G1_featureCounts.txt
/data2/zhoulab/yuxinghai/hg19_jlRNAseq/results/03_featurecount/G2_featureCounts.txt
/data2/zhoulab/yuxinghai/hg19_jlRNAseq/results/03_featurecount/N01_featureCounts.txt
/data2/zhoulab/yuxinghai/hg19_jlRNAseq/results/03_featurecount/N02_featureCounts.txt
/data2/zhoulab/yuxinghai/hg19_jlRNAseq/results/03_featurecount/NT1_featureCounts.txt
/data2/zhoulab/yuxinghai/hg19_jlRNAseq/results/03_featurecount/NT2_featureCounts.txt
/data2/zhoulab/yuxinghai/hg19_jlRNAseq/results/03_featurecount/PS1_featureCounts.txt
/data2/zhoulab/yuxinghai/hg19_jlRNAseq/results/03_featurecount/PS2_featureCounts.txt
/data2/zhoulab/yuxinghai/hg19_jlRNAseq/results/03_featurecount/V1_featureCounts.txt
/data2/zhoulab/yuxinghai/hg19_jlRNAseq/results/03_featurecount/V2_featureCounts.txt
/data2/zhoulab/yuxinghai/hg19_jlRNAseq/results/02_mapping/sorted/PS2/PS2_SortAligned.out.sam
/data2/zhoulab/yuxinghai/hg19_jlRNAseq/results/02_mapping/rRNA/N02/N02Unmapped.out.mate2_sort
/data2/zhoulab/yuxinghai/hg19_jlRNAseq/results/02_mapping/rRNA/N02/N02Unmapped.out.mate1_sort
/data2/zhoulab/yuxinghai/hg19_jlRNAseq/results/02_mapping/rRNA/V1/V1Unmapped.out.mate2_sort
/data2/zhoulab/yuxinghai/hg19_jlRNAseq/results/02_mapping/rRNA/V1/V1Unmapped.out.mate1_sort
/zhounas/zhoulab/backup/xhyu/20171012JL/HB160055-01武汉大学12个人lncRNA建库测序过滤任务单_VIP/ANHB160055_HB160055-01_2017-01-09/Cleandata/G1/G1_R2.fq.gz
/zhounas/zhoulab/backup/xhyu/20171012JL/HB160055-01武汉大学12个人lncRNA建库测序过滤任务单_VIP/ANHB160055_HB160055-01_2017-01-09/Cleandata/G1/G1_R1.fq.gz
/data2/zhoulab/yuxinghai/hg19_jlRNAseq/results/02_mapping/sorted/N01/N01_SortAligned.out.sam
/data2/zhoulab/yuxinghai/hg19_jlRNAseq/results/02_mapping/rRNA/NT1/NT1Unmapped.out.mate1
/data2/zhoulab/yuxinghai/hg19_jlRNAseq/results/02_mapping/rRNA/NT1/NT1Unmapped.out.mate2
/zhounas/zhoulab/backup/xhyu/20171012JL/HB160055-01武汉大学12个人lncRNA建库测序过滤任务单_VIP/ANHB160055_HB160055-01_2017-01-09/Cleandata/N01/N01_R2.fq.gz
/zhounas/zhoulab/backup/xhyu/20171012JL/HB160055-01武汉大学12个人lncRNA建库测序过滤任务单_VIP/ANHB160055_HB160055-01_2017-01-09/Cleandata/N01/N01_R1.fq.gz
/data2/zhoulab/yuxinghai/hg19_jlRNAseq/results/02_mapping/rRNA/G2/G2Unmapped.out.mate1
/data2/zhoulab/yuxinghai/hg19_jlRNAseq/results/02_mapping/rRNA/G2/G2Unmapped.out.mate2
/data2/zhoulab/yuxinghai/hg19_jlRNAseq/results/02_mapping/sorted/N02/N02_uniq.bam
/data2/zhoulab/yuxinghai/hg19_jlRNAseq/results/02_mapping/rRNA/F2/F2Unmapped.out.mate2_sort
/data2/zhoulab/yuxinghai/hg19_jlRNAseq/results/02_mapping/rRNA/F2/F2Unmapped.out.mate1_sort
/data2/zhoulab/yuxinghai/hg19_jlRNAseq/results/02_mapping/rRNA/PS1/PS1Unmapped.out.mate1
/data2/zhoulab/yuxinghai/hg19_jlRNAseq/results/02_mapping/rRNA/PS1/PS1Unmapped.out.mate2
/zhounas/zhoulab/backup/xhyu/20171012JL/HB160055-01武汉大学12个人lncRNA建库测序过滤任务单_VIP/ANHB160055_HB160055-01_2017-01-09/Cleandata/PS2/PS2_R2.fq.gz
/zhounas/zhoulab/backup/xhyu/20171012JL/HB160055-01武汉大学12个人lncRNA建库测序过滤任务单_VIP/ANHB160055_HB160055-01_2017-01-09/Cleandata/PS2/PS2_R1.fq.gz
/data2/zhoulab/yuxinghai/hg19_jlRNAseq/results/02_mapping/rRNA/V2/V2Unmapped.out.mate2_sort
/data2/zhoulab/yuxinghai/hg19_jlRNAseq/results/02_mapping/rRNA/V2/V2Unmapped.out.mate1_sort
/data2/zhoulab/yuxinghai/hg19_jlRNAseq/results/02_mapping/rRNA/F2/F2Unmapped.out.mate1
/data2/zhoulab/yuxinghai/hg19_jlRNAseq/results/02_mapping/rRNA/F2/F2Unmapped.out.mate2
/zhounas/zhoulab/backup/xhyu/20171012JL/HB160055-01武汉大学12个人lncRNA建库测序过滤任务单_VIP/ANHB160055_HB160055-01_2017-01-09/Cleandata/PS1/PS1_R2.fq.gz
/zhounas/zhoulab/backup/xhyu/20171012JL/HB160055-01武汉大学12个人lncRNA建库测序过滤任务单_VIP/ANHB160055_HB160055-01_2017-01-09/Cleandata/PS1/PS1_R1.fq.gz
/zhounas/zhoulab/backup/xhyu/20171012JL/HB160055-01武汉大学12个人lncRNA建库测序过滤任务单_VIP/ANHB160055_HB160055-01_2017-01-09/Cleandata/F1/F1_R2.fq.gz
/zhounas/zhoulab/backup/xhyu/20171012JL/HB160055-01武汉大学12个人lncRNA建库测序过滤任务单_VIP/ANHB160055_HB160055-01_2017-01-09/Cleandata/F1/F1_R1.fq.gz
/zhounas/zhoulab/backup/xhyu/20171012JL/HB160055-01武汉大学12个人lncRNA建库测序过滤任务单_VIP/ANHB160055_HB160055-01_2017-01-09/Cleandata/NT2/NT2_R2.fq.gz
/zhounas/zhoulab/backup/xhyu/20171012JL/HB160055-01武汉大学12个人lncRNA建库测序过滤任务单_VIP/ANHB160055_HB160055-01_2017-01-09/Cleandata/NT2/NT2_R1.fq.gz
/data2/zhoulab/yuxinghai/hg19_jlRNAseq/results/02_mapping/sorted/V2/V2_uniq.bam
/data2/zhoulab/yuxinghai/hg19_jlRNAseq/results/02_mapping/sorted/N02/N02_uniq_sort.bam
/data2/zhoulab/yuxinghai/hg19_jlRNAseq/results/02_mapping/sorted/N01/N01_uniq_sort.bam
/data2/zhoulab/yuxinghai/hg19_jlRNAseq/results/02_mapping/rRNA/G1/G1Unmapped.out.mate1
/data2/zhoulab/yuxinghai/hg19_jlRNAseq/results/02_mapping/rRNA/G1/G1Unmapped.out.mate2
/data2/zhoulab/yuxinghai/hg19_jlRNAseq/results/02_mapping/sorted/F1/F1_SortAligned.out.sam
/data2/zhoulab/yuxinghai/hg19_jlRNAseq/results/02_mapping/sorted/NT2/NT2_SortAligned.out.sam
/data2/zhoulab/yuxinghai/hg19_jlRNAseq/results/02_mapping/sorted/V1/V1_uniq.bam
/zhounas/zhoulab/backup/xhyu/20171012JL/HB160055-01武汉大学12个人lncRNA建库测序过滤任务单_VIP/ANHB160055_HB160055-01_2017-01-09/Cleandata/G2/G2_R2.fq.gz
/zhounas/zhoulab/backup/xhyu/20171012JL/HB160055-01武汉大学12个人lncRNA建库测序过滤任务单_VIP/ANHB160055_HB160055-01_2017-01-09/Cleandata/G2/G2_R1.fq.gz
/data2/zhoulab/yuxinghai/hg19_jlRNAseq/results/02_mapping/sorted/V1/V1_uniq_sort.bam
/zhounas/zhoulab/backup/xhyu/20171012JL/HB160055-01武汉大学12个人lncRNA建库测序过滤任务单_VIP/ANHB160055_HB160055-01_2017-01-09/Cleandata/NT1/NT1_R2.fq.gz
/zhounas/zhoulab/backup/xhyu/20171012JL/HB160055-01武汉大学12个人lncRNA建库测序过滤任务单_VIP/ANHB160055_HB160055-01_2017-01-09/Cleandata/NT1/NT1_R1.fq.gz
/data2/zhoulab/yuxinghai/hg19_jlRNAseq/results/02_mapping/sorted/NT2/NT2_uniq.bam
/zhounas/zhoulab/backup/xhyu/20171012JL/HB160055-01武汉大学12个人lncRNA建库测序过滤任务单_VIP/ANHB160055_HB160055-01_2017-01-09/Cleandata/V2/V2_R2.fq.gz
/zhounas/zhoulab/backup/xhyu/20171012JL/HB160055-01武汉大学12个人lncRNA建库测序过滤任务单_VIP/ANHB160055_HB160055-01_2017-01-09/Cleandata/V2/V2_R1.fq.gz
/data2/zhoulab/yuxinghai/hg19_jlRNAseq/results/02_mapping/rRNA/PS2/PS2Unmapped.out.mate1
/data2/zhoulab/yuxinghai/hg19_jlRNAseq/results/02_mapping/rRNA/PS2/PS2Unmapped.out.mate2
/data2/zhoulab/yuxinghai/hg19_jlRNAseq/results/02_mapping/sorted/G2/G2_uniq.bam
/data2/zhoulab/yuxinghai/hg19_jlRNAseq/results/02_mapping/sorted/NT1/NT1_uniq.bam
/data2/zhoulab/yuxinghai/hg19_jlRNAseq/results/03_featurecount/F1_featureCounts.txt
/data2/zhoulab/yuxinghai/hg19_jlRNAseq/results/03_featurecount/F2_featureCounts.txt
/data2/zhoulab/yuxinghai/hg19_jlRNAseq/results/03_featurecount/G1_featureCounts.txt
/data2/zhoulab/yuxinghai/hg19_jlRNAseq/results/03_featurecount/G2_featureCounts.txt
/data2/zhoulab/yuxinghai/hg19_jlRNAseq/results/03_featurecount/N01_featureCounts.txt
/data2/zhoulab/yuxinghai/hg19_jlRNAseq/results/03_featurecount/N02_featureCounts.txt
/data2/zhoulab/yuxinghai/hg19_jlRNAseq/results/03_featurecount/NT1_featureCounts.txt
/data2/zhoulab/yuxinghai/hg19_jlRNAseq/results/03_featurecount/NT2_featureCounts.txt
/data2/zhoulab/yuxinghai/hg19_jlRNAseq/results/03_featurecount/PS1_featureCounts.txt
/data2/zhoulab/yuxinghai/hg19_jlRNAseq/results/03_featurecount/PS2_featureCounts.txt
/data2/zhoulab/yuxinghai/hg19_jlRNAseq/results/03_featurecount/V1_featureCounts.txt
/data2/zhoulab/yuxinghai/hg19_jlRNAseq/results/03_featurecount/V2_featureCounts.txt
/data2/zhoulab/yuxinghai/hg19_jlRNAseq/results/02_mapping/sorted/NT1/NT1_uniq_sort.bam
/zhounas/zhoulab/backup/xhyu/20171012JL/HB160055-01武汉大学12个人lncRNA建库测序过滤任务单_VIP/ANHB160055_HB160055-01_2017-01-09/Cleandata/V1/V1_R2.fq.gz
/zhounas/zhoulab/backup/xhyu/20171012JL/HB160055-01武汉大学12个人lncRNA建库测序过滤任务单_VIP/ANHB160055_HB160055-01_2017-01-09/Cleandata/V1/V1_R1.fq.gz
/data2/zhoulab/yuxinghai/hg19_jlRNAseq/results/02_mapping/sorted/G2/G2_uniq_sort.bam
/data2/zhoulab/yuxinghai/hg19_jlRNAseq/results/02_mapping/sorted/N02/N02_SortAligned.out.sam
/data2/zhoulab/yuxinghai/hg19_jlRNAseq/results/02_mapping/rRNA/N01/N01Unmapped.out.mate1
/data2/zhoulab/yuxinghai/hg19_jlRNAseq/results/02_mapping/rRNA/N01/N01Unmapped.out.mate2
/data2/zhoulab/yuxinghai/hg19_jlRNAseq/results/02_mapping/rRNA/V2/V2Unmapped.out.mate1
/data2/zhoulab/yuxinghai/hg19_jlRNAseq/results/02_mapping/rRNA/V2/V2Unmapped.out.mate2
/data2/zhoulab/yuxinghai/hg19_jlRNAseq/results/03_featurecount/F1_featureCounts.txt
/data2/zhoulab/yuxinghai/hg19_jlRNAseq/results/03_featurecount/F2_featureCounts.txt
/data2/zhoulab/yuxinghai/hg19_jlRNAseq/results/03_featurecount/G1_featureCounts.txt
/data2/zhoulab/yuxinghai/hg19_jlRNAseq/results/03_featurecount/G2_featureCounts.txt
/data2/zhoulab/yuxinghai/hg19_jlRNAseq/results/03_featurecount/N01_featureCounts.txt
/data2/zhoulab/yuxinghai/hg19_jlRNAseq/results/03_featurecount/N02_featureCounts.txt
/data2/zhoulab/yuxinghai/hg19_jlRNAseq/results/03_featurecount/NT1_featureCounts.txt
/data2/zhoulab/yuxinghai/hg19_jlRNAseq/results/03_featurecount/NT2_featureCounts.txt
/data2/zhoulab/yuxinghai/hg19_jlRNAseq/results/03_featurecount/PS1_featureCounts.txt
/data2/zhoulab/yuxinghai/hg19_jlRNAseq/results/03_featurecount/PS2_featureCounts.txt
/data2/zhoulab/yuxinghai/hg19_jlRNAseq/results/03_featurecount/V1_featureCounts.txt
/data2/zhoulab/yuxinghai/hg19_jlRNAseq/results/03_featurecount/V2_featureCounts.txt
/data2/zhoulab/yuxinghai/hg19_jlRNAseq/results/02_mapping/sorted/F1/F1_uniq.bam
/data2/zhoulab/yuxinghai/hg19_jlRNAseq/results/02_mapping/sorted/PS2/PS2_uniq_sort.bam
/data2/zhoulab/yuxinghai/hg19_jlRNAseq/results/02_mapping/sorted/V1/V1_SortAligned.out.sam
/data2/zhoulab/yuxinghai/hg19_jlRNAseq/results/02_mapping/sorted/PS1/PS1_uniq_sort.bam
/data2/zhoulab/yuxinghai/hg19_jlRNAseq/results/02_mapping/sorted/NT2/NT2_uniq_sort.bam
/data2/zhoulab/yuxinghai/hg19_jlRNAseq/results/02_mapping/sorted/F1/F1_uniq_sort.bam
/data2/zhoulab/yuxinghai/hg19_jlRNAseq/results/02_mapping/sorted/PS2/PS2_uniq.bam
